
Microsoft Visual Studio Solution File, Format Version 12.00
Project("{FAE04EC0-301F-11D3-BF4B-00C04F79EFBC}") = "CertificateViewer", "src\CertificateViewer\CertificateViewer.csproj", "{62CABD3F-5B30-498C-B2A3-5C27F732BE82}"
EndProject
Project("{FAE04EC0-301F-11D3-BF4B-00C04F79EFBC}") = "CertificateViewer.Logic", "src\CertificateViewer.Logic\CertificateViewer.Logic.csproj", "{4709BF03-77D2-46F9-810D-A5A6C596B405}"
EndProject
Project("{FAE04EC0-301F-11D3-BF4B-00C04F79EFBC}") = "CertificateViewer.Tests", "tests\CertificateViewer.Tests\CertificateViewer.Tests.csproj", "{9A6EBB58-0115-495F-AA11-216F444E60FC}"
EndProject
Global
	GlobalSection(SolutionConfigurationPlatforms) = preSolution
		Debug|Any CPU = Debug|Any CPU
		Release|Any CPU = Release|Any CPU
	EndGlobalSection
	GlobalSection(ProjectConfigurationPlatforms) = postSolution
		{62CABD3F-5B30-498C-B2A3-5C27F732BE82}.Debug|Any CPU.ActiveCfg = Debug|Any CPU
		{62CABD3F-5B30-498C-B2A3-5C27F732BE82}.Debug|Any CPU.Build.0 = Debug|Any CPU
		{62CABD3F-5B30-498C-B2A3-5C27F732BE82}.Release|Any CPU.ActiveCfg = Release|Any CPU
		{62CABD3F-5B30-498C-B2A3-5C27F732BE82}.Release|Any CPU.Build.0 = Release|Any CPU
		{4709BF03-77D2-46F9-810D-A5A6C596B405}.Debug|Any CPU.ActiveCfg = Debug|Any CPU
		{4709BF03-77D2-46F9-810D-A5A6C596B405}.Debug|Any CPU.Build.0 = Debug|Any CPU
		{4709BF03-77D2-46F9-810D-A5A6C596B405}.Release|Any CPU.ActiveCfg = Release|Any CPU
		{4709BF03-77D2-46F9-810D-A5A6C596B405}.Release|Any CPU.Build.0 = Release|Any CPU
		{9A6EBB58-0115-495F-AA11-216F444E60FC}.Debug|Any CPU.ActiveCfg = Debug|Any CPU
		{9A6EBB58-0115-495F-AA11-216F444E60FC}.Debug|Any CPU.Build.0 = Debug|Any CPU
		{9A6EBB58-0115-495F-AA11-216F444E60FC}.Release|Any CPU.ActiveCfg = Release|Any CPU
		{9A6EBB58-0115-495F-AA11-216F444E60FC}.Release|Any CPU.Build.0 = Release|Any CPU
	EndGlobalSection
EndGlobal
